
Microsoft Visual Studio Solution File, Format Version 12.00
# Visual Studio Version 17
VisualStudioVersion = 17.11.35312.102
MinimumVisualStudioVersion = 10.0.40219.1
Project("{9A19103F-16F7-4668-BE54-9A1E7A4F7556}") = "EPE_AuthLibrary", "EPE_AuthLibrary\EPE_AuthLibrary.csproj", "{9BCE3453-C9C6-49EE-BE9B-FFBDBD94C86B}"
EndProject
Project("{FAE04EC0-301F-11D3-BF4B-00C04F79EFBC}") = "EPE_AuthLibrary.Tests", "EPE_AuthLibrary.Tests\EPE_AuthLibrary.Tests.csproj", "{3329B794-6B2D-4FED-80C7-230B91E9C540}"
EndProject
Global
	GlobalSection(SolutionConfigurationPlatforms) = preSolution
		Debug|Any CPU = Debug|Any CPU
		Release|Any CPU = Release|Any CPU
	EndGlobalSection
	GlobalSection(ProjectConfigurationPlatforms) = postSolution
		{9BCE3453-C9C6-49EE-BE9B-FFBDBD94C86B}.Debug|Any CPU.ActiveCfg = Debug|Any CPU
		{9BCE3453-C9C6-49EE-BE9B-FFBDBD94C86B}.Debug|Any CPU.Build.0 = Debug|Any CPU
		{9BCE3453-C9C6-49EE-BE9B-FFBDBD94C86B}.Release|Any CPU.ActiveCfg = Release|Any CPU
		{9BCE3453-C9C6-49EE-BE9B-FFBDBD94C86B}.Release|Any CPU.Build.0 = Release|Any CPU
		{3329B794-6B2D-4FED-80C7-230B91E9C540}.Debug|Any CPU.ActiveCfg = Debug|Any CPU
		{3329B794-6B2D-4FED-80C7-230B91E9C540}.Debug|Any CPU.Build.0 = Debug|Any CPU
		{3329B794-6B2D-4FED-80C7-230B91E9C540}.Release|Any CPU.ActiveCfg = Release|Any CPU
		{3329B794-6B2D-4FED-80C7-230B91E9C540}.Release|Any CPU.Build.0 = Release|Any CPU
	EndGlobalSection
	GlobalSection(SolutionProperties) = preSolution
		HideSolutionNode = FALSE
	EndGlobalSection
	GlobalSection(ExtensibilityGlobals) = postSolution
		SolutionGuid = {64387487-DF5D-4D37-815B-8104AE969BF6}
	EndGlobalSection
EndGlobal
